
Microsoft Visual Studio Solution File, Format Version 12.00
# Visual Studio 14
VisualStudioVersion = 14.0.22609.0
MinimumVisualStudioVersion = 10.0.40219.1
Project("{FAE04EC0-301F-11D3-BF4B-00C04F79EFBC}") = "TestingExample", "TestingExample\TestingExample.csproj", "{0B605BDA-66D4-4087-A47B-0A553F4818FF}"
EndProject
Project("{FAE04EC0-301F-11D3-BF4B-00C04F79EFBC}") = "TestClasses", "TestClasses\TestClasses.csproj", "{1A8E9241-E36B-4C63-B797-5C80444CF0B1}"
EndProject
Project("{FAE04EC0-301F-11D3-BF4B-00C04F79EFBC}") = "TestClassesTests", "TestClassesTests\TestClassesTests.csproj", "{524E4BD7-F193-4E34-BF63-215FB81B96BB}"
EndProject
Global
	GlobalSection(SolutionConfigurationPlatforms) = preSolution
		Debug|Any CPU = Debug|Any CPU
		Release|Any CPU = Release|Any CPU
	EndGlobalSection
	GlobalSection(ProjectConfigurationPlatforms) = postSolution
		{0B605BDA-66D4-4087-A47B-0A553F4818FF}.Debug|Any CPU.ActiveCfg = Debug|Any CPU
		{0B605BDA-66D4-4087-A47B-0A553F4818FF}.Debug|Any CPU.Build.0 = Debug|Any CPU
		{0B605BDA-66D4-4087-A47B-0A553F4818FF}.Release|Any CPU.ActiveCfg = Release|Any CPU
		{0B605BDA-66D4-4087-A47B-0A553F4818FF}.Release|Any CPU.Build.0 = Release|Any CPU
		{1A8E9241-E36B-4C63-B797-5C80444CF0B1}.Debug|Any CPU.ActiveCfg = Debug|Any CPU
		{1A8E9241-E36B-4C63-B797-5C80444CF0B1}.Debug|Any CPU.Build.0 = Debug|Any CPU
		{1A8E9241-E36B-4C63-B797-5C80444CF0B1}.Release|Any CPU.ActiveCfg = Release|Any CPU
		{1A8E9241-E36B-4C63-B797-5C80444CF0B1}.Release|Any CPU.Build.0 = Release|Any CPU
		{524E4BD7-F193-4E34-BF63-215FB81B96BB}.Debug|Any CPU.ActiveCfg = Debug|Any CPU
		{524E4BD7-F193-4E34-BF63-215FB81B96BB}.Debug|Any CPU.Build.0 = Debug|Any CPU
		{524E4BD7-F193-4E34-BF63-215FB81B96BB}.Release|Any CPU.ActiveCfg = Release|Any CPU
		{524E4BD7-F193-4E34-BF63-215FB81B96BB}.Release|Any CPU.Build.0 = Release|Any CPU
	EndGlobalSection
	GlobalSection(SolutionProperties) = preSolution
		HideSolutionNode = FALSE
	EndGlobalSection
EndGlobal
